
Microsoft Visual Studio Solution File, Format Version 12.00
# Visual Studio 15
VisualStudioVersion = 15.0.27130.2003
MinimumVisualStudioVersion = 10.0.40219.1
Project("{FAE04EC0-301F-11D3-BF4B-00C04F79EFBC}") = "Amonic_Session1", "Amonic\Amonic_Session1.csproj", "{269039AD-8B80-449B-919F-E917FE3DC57D}"
EndProject
Project("{FAE04EC0-301F-11D3-BF4B-00C04F79EFBC}") = "Amonic_Session2", "Amonic_Session2\Amonic_Session2.csproj", "{1259F2F2-F73C-457C-9237-385AF7D90F96}"
EndProject
Project("{FAE04EC0-301F-11D3-BF4B-00C04F79EFBC}") = "Amonic_Session3", "Amonic_Session3\Amonic_Session3.csproj", "{873DCC16-450D-4948-AA4D-B7A83A9757F2}"
EndProject
Project("{FAE04EC0-301F-11D3-BF4B-00C04F79EFBC}") = "DAL", "DAL\DAL.csproj", "{44A3F4B6-EC1C-4EE9-A19C-05F8E8D4EB1F}"
EndProject
Project("{FAE04EC0-301F-11D3-BF4B-00C04F79EFBC}") = "BU", "BU\BU.csproj", "{BCC01FF4-BD82-4ED5-84B3-2CB498ECBFEE}"
EndProject
Project("{FAE04EC0-301F-11D3-BF4B-00C04F79EFBC}") = "Utilities", "Utilities\Utilities.csproj", "{07036200-0820-4F83-9C09-68030943C3A8}"
EndProject
Global
	GlobalSection(SolutionConfigurationPlatforms) = preSolution
		Debug|Any CPU = Debug|Any CPU
		Release|Any CPU = Release|Any CPU
	EndGlobalSection
	GlobalSection(ProjectConfigurationPlatforms) = postSolution
		{269039AD-8B80-449B-919F-E917FE3DC57D}.Debug|Any CPU.ActiveCfg = Debug|Any CPU
		{269039AD-8B80-449B-919F-E917FE3DC57D}.Debug|Any CPU.Build.0 = Debug|Any CPU
		{269039AD-8B80-449B-919F-E917FE3DC57D}.Release|Any CPU.ActiveCfg = Release|Any CPU
		{269039AD-8B80-449B-919F-E917FE3DC57D}.Release|Any CPU.Build.0 = Release|Any CPU
		{1259F2F2-F73C-457C-9237-385AF7D90F96}.Debug|Any CPU.ActiveCfg = Debug|Any CPU
		{1259F2F2-F73C-457C-9237-385AF7D90F96}.Debug|Any CPU.Build.0 = Debug|Any CPU
		{1259F2F2-F73C-457C-9237-385AF7D90F96}.Release|Any CPU.ActiveCfg = Release|Any CPU
		{1259F2F2-F73C-457C-9237-385AF7D90F96}.Release|Any CPU.Build.0 = Release|Any CPU
		{873DCC16-450D-4948-AA4D-B7A83A9757F2}.Debug|Any CPU.ActiveCfg = Debug|Any CPU
		{873DCC16-450D-4948-AA4D-B7A83A9757F2}.Debug|Any CPU.Build.0 = Debug|Any CPU
		{873DCC16-450D-4948-AA4D-B7A83A9757F2}.Release|Any CPU.ActiveCfg = Release|Any CPU
		{873DCC16-450D-4948-AA4D-B7A83A9757F2}.Release|Any CPU.Build.0 = Release|Any CPU
		{44A3F4B6-EC1C-4EE9-A19C-05F8E8D4EB1F}.Debug|Any CPU.ActiveCfg = Debug|Any CPU
		{44A3F4B6-EC1C-4EE9-A19C-05F8E8D4EB1F}.Debug|Any CPU.Build.0 = Debug|Any CPU
		{44A3F4B6-EC1C-4EE9-A19C-05F8E8D4EB1F}.Release|Any CPU.ActiveCfg = Release|Any CPU
		{44A3F4B6-EC1C-4EE9-A19C-05F8E8D4EB1F}.Release|Any CPU.Build.0 = Release|Any CPU
		{BCC01FF4-BD82-4ED5-84B3-2CB498ECBFEE}.Debug|Any CPU.ActiveCfg = Debug|Any CPU
		{BCC01FF4-BD82-4ED5-84B3-2CB498ECBFEE}.Debug|Any CPU.Build.0 = Debug|Any CPU
		{BCC01FF4-BD82-4ED5-84B3-2CB498ECBFEE}.Release|Any CPU.ActiveCfg = Release|Any CPU
		{BCC01FF4-BD82-4ED5-84B3-2CB498ECBFEE}.Release|Any CPU.Build.0 = Release|Any CPU
		{07036200-0820-4F83-9C09-68030943C3A8}.Debug|Any CPU.ActiveCfg = Debug|Any CPU
		{07036200-0820-4F83-9C09-68030943C3A8}.Debug|Any CPU.Build.0 = Debug|Any CPU
		{07036200-0820-4F83-9C09-68030943C3A8}.Release|Any CPU.ActiveCfg = Release|Any CPU
		{07036200-0820-4F83-9C09-68030943C3A8}.Release|Any CPU.Build.0 = Release|Any CPU
	EndGlobalSection
	GlobalSection(SolutionProperties) = preSolution
		HideSolutionNode = FALSE
	EndGlobalSection
	GlobalSection(ExtensibilityGlobals) = postSolution
		SolutionGuid = {E801D3F6-3C54-44AC-9B0F-0E32150867BE}
	EndGlobalSection
EndGlobal
